// !$*UTF8*$!
{
	archiveVersion = 1;
	classes = {
	};
	objectVersion = 56;
	objects = {

/* Begin PBXBuildFile section */
		445B93352B97A8E10040B25E /* TermsViewController.swift in Sources */ = {isa = PBXBuildFile; fileRef = 445B93342B97A8E10040B25E /* TermsViewController.swift */; };
		446A72F32B9A324B003A93E7 /* AuthCaretaker.swift in Sources */ = {isa = PBXBuildFile; fileRef = 446A72F22B9A324B003A93E7 /* AuthCaretaker.swift */; };
		447F573E2BA21F83009A3694 /* RecipeDTO.swift in Sources */ = {isa = PBXBuildFile; fileRef = 447F573D2BA21F83009A3694 /* RecipeDTO.swift */; };
		447F57402BA21F8E009A3694 /* HitDTO.swift in Sources */ = {isa = PBXBuildFile; fileRef = 447F573F2BA21F8E009A3694 /* HitDTO.swift */; };
		447F57422BA21F9E009A3694 /* ResponseDTO.swift in Sources */ = {isa = PBXBuildFile; fileRef = 447F57412BA21F9E009A3694 /* ResponseDTO.swift */; };
		447F57442BA21FAF009A3694 /* Recipe.swift in Sources */ = {isa = PBXBuildFile; fileRef = 447F57432BA21FAF009A3694 /* Recipe.swift */; };
		447F57462BA21FBD009A3694 /* NetworkService.swift in Sources */ = {isa = PBXBuildFile; fileRef = 447F57452BA21FBD009A3694 /* NetworkService.swift */; };
		447F57482BA21FCA009A3694 /* RequestBuilder.swift in Sources */ = {isa = PBXBuildFile; fileRef = 447F57472BA21FCA009A3694 /* RequestBuilder.swift */; };
		448D5FB52B9CB997005785F8 /* InfoPersonalCaretaker.swift in Sources */ = {isa = PBXBuildFile; fileRef = 448D5FB42B9CB997005785F8 /* InfoPersonalCaretaker.swift */; };
		44B8E2322B9595B50067B02B /* RecipeDetail.swift in Sources */ = {isa = PBXBuildFile; fileRef = 44B8E2312B9595B50067B02B /* RecipeDetail.swift */; };
		44B8E2352B9595C40067B02B /* RecipeDetailViewController.swift in Sources */ = {isa = PBXBuildFile; fileRef = 44B8E2332B9595C30067B02B /* RecipeDetailViewController.swift */; };
		44B8E2362B9595C40067B02B /* RecipeDetailPresenter.swift in Sources */ = {isa = PBXBuildFile; fileRef = 44B8E2342B9595C40067B02B /* RecipeDetailPresenter.swift */; };
		44B8E23B2B9595D70067B02B /* PictureViewCell.swift in Sources */ = {isa = PBXBuildFile; fileRef = 44B8E2382B9595D60067B02B /* PictureViewCell.swift */; };
		44B8E23C2B9595D70067B02B /* DescriptionViewCell.swift in Sources */ = {isa = PBXBuildFile; fileRef = 44B8E2392B9595D70067B02B /* DescriptionViewCell.swift */; };
		44B8E23D2B9595D70067B02B /* KBJUViewCell.swift in Sources */ = {isa = PBXBuildFile; fileRef = 44B8E23A2B9595D70067B02B /* KBJUViewCell.swift */; };
		44B8E23F2B9596360067B02B /* DetailViewController.swift in Sources */ = {isa = PBXBuildFile; fileRef = 44B8E23E2B9596360067B02B /* DetailViewController.swift */; };
		44B8E2412B9596420067B02B /* DetailTableViewCell.swift in Sources */ = {isa = PBXBuildFile; fileRef = 44B8E2402B9596420067B02B /* DetailTableViewCell.swift */; };
		44B8E2432B95965D0067B02B /* DetailPicctures.xcassets in Resources */ = {isa = PBXBuildFile; fileRef = 44B8E2422B95965D0067B02B /* DetailPicctures.xcassets */; };
		44E37C9A2B8FB8610047F3A5 /* RecipesViewController.swift in Sources */ = {isa = PBXBuildFile; fileRef = 44E37C992B8FB8610047F3A5 /* RecipesViewController.swift */; };
		44E37C9C2B8FB87C0047F3A5 /* RecipesPresenter.swift in Sources */ = {isa = PBXBuildFile; fileRef = 44E37C9B2B8FB87C0047F3A5 /* RecipesPresenter.swift */; };
		44E37C9E2B8FB88E0047F3A5 /* Recipes.swift in Sources */ = {isa = PBXBuildFile; fileRef = 44E37C9D2B8FB88E0047F3A5 /* Recipes.swift */; };
		44E37CA02B8FB94F0047F3A5 /* RecipesCoordinator.swift in Sources */ = {isa = PBXBuildFile; fileRef = 44E37C9F2B8FB94F0047F3A5 /* RecipesCoordinator.swift */; };
		44E37CA42B9043740047F3A5 /* RecipesPictures.xcassets in Resources */ = {isa = PBXBuildFile; fileRef = 44E37CA32B9043740047F3A5 /* RecipesPictures.xcassets */; };
		44E37CA72B9047170047F3A5 /* RecipesCollectionViewCell.swift in Sources */ = {isa = PBXBuildFile; fileRef = 44E37CA62B9047170047F3A5 /* RecipesCollectionViewCell.swift */; };
		7B2311FE2B924B510072AA37 /* SortingButton.swift in Sources */ = {isa = PBXBuildFile; fileRef = 7B2311FD2B924B510072AA37 /* SortingButton.swift */; };
		7B2312012B92F3AB0072AA37 /* Favorite.swift in Sources */ = {isa = PBXBuildFile; fileRef = 7B2312002B92F3AB0072AA37 /* Favorite.swift */; };
		7B2312032B92F5FF0072AA37 /* FavoriteViewController.swift in Sources */ = {isa = PBXBuildFile; fileRef = 7B2312022B92F5FF0072AA37 /* FavoriteViewController.swift */; };
		7B2312072B931FD10072AA37 /* FavoritePresenter.swift in Sources */ = {isa = PBXBuildFile; fileRef = 7B2312062B931FD10072AA37 /* FavoritePresenter.swift */; };
		7B2312092B9321680072AA37 /* FavoriteCoordinator.swift in Sources */ = {isa = PBXBuildFile; fileRef = 7B2312082B9321680072AA37 /* FavoriteCoordinator.swift */; };
		7B42E4AC2B8DD7180095C019 /* AppDelegate.swift in Sources */ = {isa = PBXBuildFile; fileRef = 7B42E4AB2B8DD7180095C019 /* AppDelegate.swift */; };
		7B42E4AE2B8DD7180095C019 /* SceneDelegate.swift in Sources */ = {isa = PBXBuildFile; fileRef = 7B42E4AD2B8DD7180095C019 /* SceneDelegate.swift */; };
		7B42E4B32B8DD7180095C019 /* Main.storyboard in Resources */ = {isa = PBXBuildFile; fileRef = 7B42E4B12B8DD7180095C019 /* Main.storyboard */; };
		7B42E4B52B8DD7190095C019 /* Assets.xcassets in Resources */ = {isa = PBXBuildFile; fileRef = 7B42E4B42B8DD7190095C019 /* Assets.xcassets */; };
		7B42E4B82B8DD7190095C019 /* LaunchScreen.storyboard in Resources */ = {isa = PBXBuildFile; fileRef = 7B42E4B62B8DD7190095C019 /* LaunchScreen.storyboard */; };
		7B42E4C22B8DF55C0095C019 /* MainTabBarViewController.swift in Sources */ = {isa = PBXBuildFile; fileRef = 7B42E4C12B8DF55C0095C019 /* MainTabBarViewController.swift */; };
		7B42E4C42B8DF56E0095C019 /* ProfileViewController.swift in Sources */ = {isa = PBXBuildFile; fileRef = 7B42E4C32B8DF56E0095C019 /* ProfileViewController.swift */; };
		7B42E4C62B8DF6000095C019 /* ProfilePresenter.swift in Sources */ = {isa = PBXBuildFile; fileRef = 7B42E4C52B8DF6000095C019 /* ProfilePresenter.swift */; };
		7B42E4C92B8DF6210095C019 /* InfoBenefit.swift in Sources */ = {isa = PBXBuildFile; fileRef = 7B42E4C82B8DF6210095C019 /* InfoBenefit.swift */; };
		7B42E4CC2B8E04D60095C019 /* BaseCoordinator.swift in Sources */ = {isa = PBXBuildFile; fileRef = 7B42E4CB2B8E04D60095C019 /* BaseCoordinator.swift */; };
		7B42E4CE2B8E06D10095C019 /* AppCoordinator.swift in Sources */ = {isa = PBXBuildFile; fileRef = 7B42E4CD2B8E06D10095C019 /* AppCoordinator.swift */; };
		7B42E4D02B8E09AE0095C019 /* AuthCoordinator.swift in Sources */ = {isa = PBXBuildFile; fileRef = 7B42E4CF2B8E09AE0095C019 /* AuthCoordinator.swift */; };
		7B42E4D22B8E09C10095C019 /* ProfileCoordinator.swift in Sources */ = {isa = PBXBuildFile; fileRef = 7B42E4D12B8E09C10095C019 /* ProfileCoordinator.swift */; };
		7B42E4D52B8E0AF60095C019 /* AuthViewController.swift in Sources */ = {isa = PBXBuildFile; fileRef = 7B42E4D42B8E0AF60095C019 /* AuthViewController.swift */; };
		7B42E4D72B8E0B060095C019 /* AuthPresenter.swift in Sources */ = {isa = PBXBuildFile; fileRef = 7B42E4D62B8E0B060095C019 /* AuthPresenter.swift */; };
		7B42E4D92B8E0D530095C019 /* Auth.swift in Sources */ = {isa = PBXBuildFile; fileRef = 7B42E4D82B8E0D530095C019 /* Auth.swift */; };
		7B42E4DD2B8E4CF70095C019 /* PersonalInfoCell.swift in Sources */ = {isa = PBXBuildFile; fileRef = 7B42E4DC2B8E4CF70095C019 /* PersonalInfoCell.swift */; };
		7B42E4DF2B8E4D620095C019 /* BenefitsInfoCell.swift in Sources */ = {isa = PBXBuildFile; fileRef = 7B42E4DE2B8E4D620095C019 /* BenefitsInfoCell.swift */; };
		7B42E4E22B8E4EAD0095C019 /* InfoPersonal.swift in Sources */ = {isa = PBXBuildFile; fileRef = 7B42E4E12B8E4EAD0095C019 /* InfoPersonal.swift */; };
		7B42E4E72B8E94C90095C019 /* TermsUseViewController.swift in Sources */ = {isa = PBXBuildFile; fileRef = 7B42E4E62B8E94C90095C019 /* TermsUseViewController.swift */; };
		7B42E4E92B8EA1530095C019 /* Localizable.strings in Resources */ = {isa = PBXBuildFile; fileRef = 7B42E4E82B8EA1530095C019 /* Localizable.strings */; };
		7B42E4EB2B8F366F0095C019 /* BonusesViewController.swift in Sources */ = {isa = PBXBuildFile; fileRef = 7B42E4EA2B8F366F0095C019 /* BonusesViewController.swift */; };
		7B8129172B91821F00B6459D /* DetailPresenter.swift in Sources */ = {isa = PBXBuildFile; fileRef = 7B8129162B91821F00B6459D /* DetailPresenter.swift */; };
		7B8129192B91823F00B6459D /* Dish.swift in Sources */ = {isa = PBXBuildFile; fileRef = 7B8129182B91823F00B6459D /* Dish.swift */; };
		7B8129202B918B8400B6459D /* DetailsPictures.xcassets in Resources */ = {isa = PBXBuildFile; fileRef = 7B81291F2B918B8400B6459D /* DetailsPictures.xcassets */; };
		7B8129242B919CB600B6459D /* HeaderCell.swift in Sources */ = {isa = PBXBuildFile; fileRef = 7B8129232B919CB600B6459D /* HeaderCell.swift */; };
		7B97112D2B986720003A0D4E /* UIColor+Extension.swift in Sources */ = {isa = PBXBuildFile; fileRef = 7B97112C2B986720003A0D4E /* UIColor+Extension.swift */; };
		7B97112F2B98672C003A0D4E /* UIFont+Extension.swift in Sources */ = {isa = PBXBuildFile; fileRef = 7B97112E2B98672C003A0D4E /* UIFont+Extension.swift */; };
		7B97113E2B9AF5A0003A0D4E /* AnalyticsLogger.swift in Sources */ = {isa = PBXBuildFile; fileRef = 7B97113D2B9AF5A0003A0D4E /* AnalyticsLogger.swift */; };
		7B9711432BA1A6C3003A0D4E /* DishDTO.swift in Sources */ = {isa = PBXBuildFile; fileRef = 7B9711422BA1A6C3003A0D4E /* DishDTO.swift */; };
		7B9711462BA2E85E003A0D4E /* RequestBuilder.swift in Sources */ = {isa = PBXBuildFile; fileRef = 7B9711452BA2E85E003A0D4E /* RequestBuilder.swift */; };
		7B9711482BA2F130003A0D4E /* NetworkService.swift in Sources */ = {isa = PBXBuildFile; fileRef = 7B9711472BA2F130003A0D4E /* NetworkService.swift */; };
		7B97114A2BA2F67D003A0D4E /* TotalDTO.swift in Sources */ = {isa = PBXBuildFile; fileRef = 7B9711492BA2F67D003A0D4E /* TotalDTO.swift */; };
		7B97114C2BA2F771003A0D4E /* RecipeDTO.swift in Sources */ = {isa = PBXBuildFile; fileRef = 7B97114B2BA2F771003A0D4E /* RecipeDTO.swift */; };
		7B97114E2BA2F7D9003A0D4E /* HitDTO.swift in Sources */ = {isa = PBXBuildFile; fileRef = 7B97114D2BA2F7D9003A0D4E /* HitDTO.swift */; };
		7B9711502BA2F99E003A0D4E /* DetailDish.swift in Sources */ = {isa = PBXBuildFile; fileRef = 7B97114F2BA2F99E003A0D4E /* DetailDish.swift */; };
		7B97115E2BA43F45003A0D4E /* NoDataViewController.swift in Sources */ = {isa = PBXBuildFile; fileRef = 7B97115D2BA43F45003A0D4E /* NoDataViewController.swift */; };
		7BA050882B94830900150148 /* FavoriteTableViewCell.swift in Sources */ = {isa = PBXBuildFile; fileRef = 7BA050872B94830900150148 /* FavoriteTableViewCell.swift */; };
		7BA0508C2B949B6E00150148 /* NothingYetView.swift in Sources */ = {isa = PBXBuildFile; fileRef = 7BA0508B2B949B6E00150148 /* NothingYetView.swift */; };
/* End PBXBuildFile section */

/* Begin PBXFileReference section */
		445B93342B97A8E10040B25E /* TermsViewController.swift */ = {isa = PBXFileReference; lastKnownFileType = sourcecode.swift; path = TermsViewController.swift; sourceTree = "<group>"; };
		446A72F22B9A324B003A93E7 /* AuthCaretaker.swift */ = {isa = PBXFileReference; lastKnownFileType = sourcecode.swift; path = AuthCaretaker.swift; sourceTree = "<group>"; };
		447F573D2BA21F83009A3694 /* RecipeDTO.swift */ = {isa = PBXFileReference; lastKnownFileType = sourcecode.swift; path = RecipeDTO.swift; sourceTree = "<group>"; };
		447F573F2BA21F8E009A3694 /* HitDTO.swift */ = {isa = PBXFileReference; lastKnownFileType = sourcecode.swift; path = HitDTO.swift; sourceTree = "<group>"; };
		447F57412BA21F9E009A3694 /* ResponseDTO.swift */ = {isa = PBXFileReference; lastKnownFileType = sourcecode.swift; path = ResponseDTO.swift; sourceTree = "<group>"; };
		447F57432BA21FAF009A3694 /* Recipe.swift */ = {isa = PBXFileReference; lastKnownFileType = sourcecode.swift; path = Recipe.swift; sourceTree = "<group>"; };
		447F57452BA21FBD009A3694 /* NetworkService.swift */ = {isa = PBXFileReference; lastKnownFileType = sourcecode.swift; path = NetworkService.swift; sourceTree = "<group>"; };
		447F57472BA21FCA009A3694 /* RequestBuilder.swift */ = {isa = PBXFileReference; lastKnownFileType = sourcecode.swift; path = RequestBuilder.swift; sourceTree = "<group>"; };
		448D5FB42B9CB997005785F8 /* InfoPersonalCaretaker.swift */ = {isa = PBXFileReference; lastKnownFileType = sourcecode.swift; path = InfoPersonalCaretaker.swift; sourceTree = "<group>"; };
		44B8E2312B9595B50067B02B /* RecipeDetail.swift */ = {isa = PBXFileReference; fileEncoding = 4; lastKnownFileType = sourcecode.swift; path = RecipeDetail.swift; sourceTree = "<group>"; };
		44B8E2332B9595C30067B02B /* RecipeDetailViewController.swift */ = {isa = PBXFileReference; fileEncoding = 4; lastKnownFileType = sourcecode.swift; path = RecipeDetailViewController.swift; sourceTree = "<group>"; };
		44B8E2342B9595C40067B02B /* RecipeDetailPresenter.swift */ = {isa = PBXFileReference; fileEncoding = 4; lastKnownFileType = sourcecode.swift; path = RecipeDetailPresenter.swift; sourceTree = "<group>"; };
		44B8E2382B9595D60067B02B /* PictureViewCell.swift */ = {isa = PBXFileReference; fileEncoding = 4; lastKnownFileType = sourcecode.swift; path = PictureViewCell.swift; sourceTree = "<group>"; };
		44B8E2392B9595D70067B02B /* DescriptionViewCell.swift */ = {isa = PBXFileReference; fileEncoding = 4; lastKnownFileType = sourcecode.swift; path = DescriptionViewCell.swift; sourceTree = "<group>"; };
		44B8E23A2B9595D70067B02B /* KBJUViewCell.swift */ = {isa = PBXFileReference; fileEncoding = 4; lastKnownFileType = sourcecode.swift; path = KBJUViewCell.swift; sourceTree = "<group>"; };
		44B8E23E2B9596360067B02B /* DetailViewController.swift */ = {isa = PBXFileReference; fileEncoding = 4; lastKnownFileType = sourcecode.swift; path = DetailViewController.swift; sourceTree = "<group>"; };
		44B8E2402B9596420067B02B /* DetailTableViewCell.swift */ = {isa = PBXFileReference; fileEncoding = 4; lastKnownFileType = sourcecode.swift; path = DetailTableViewCell.swift; sourceTree = "<group>"; };
		44B8E2422B95965D0067B02B /* DetailPicctures.xcassets */ = {isa = PBXFileReference; lastKnownFileType = folder.assetcatalog; path = DetailPicctures.xcassets; sourceTree = "<group>"; };
		44E37C992B8FB8610047F3A5 /* RecipesViewController.swift */ = {isa = PBXFileReference; lastKnownFileType = sourcecode.swift; path = RecipesViewController.swift; sourceTree = "<group>"; };
		44E37C9B2B8FB87C0047F3A5 /* RecipesPresenter.swift */ = {isa = PBXFileReference; lastKnownFileType = sourcecode.swift; path = RecipesPresenter.swift; sourceTree = "<group>"; };
		44E37C9D2B8FB88E0047F3A5 /* Recipes.swift */ = {isa = PBXFileReference; lastKnownFileType = sourcecode.swift; path = Recipes.swift; sourceTree = "<group>"; };
		44E37C9F2B8FB94F0047F3A5 /* RecipesCoordinator.swift */ = {isa = PBXFileReference; lastKnownFileType = sourcecode.swift; path = RecipesCoordinator.swift; sourceTree = "<group>"; };
		44E37CA32B9043740047F3A5 /* RecipesPictures.xcassets */ = {isa = PBXFileReference; lastKnownFileType = folder.assetcatalog; path = RecipesPictures.xcassets; sourceTree = "<group>"; };
		44E37CA62B9047170047F3A5 /* RecipesCollectionViewCell.swift */ = {isa = PBXFileReference; lastKnownFileType = sourcecode.swift; path = RecipesCollectionViewCell.swift; sourceTree = "<group>"; };
		7B2311FD2B924B510072AA37 /* SortingButton.swift */ = {isa = PBXFileReference; lastKnownFileType = sourcecode.swift; path = SortingButton.swift; sourceTree = "<group>"; };
		7B2312002B92F3AB0072AA37 /* Favorite.swift */ = {isa = PBXFileReference; lastKnownFileType = sourcecode.swift; path = Favorite.swift; sourceTree = "<group>"; };
		7B2312022B92F5FF0072AA37 /* FavoriteViewController.swift */ = {isa = PBXFileReference; lastKnownFileType = sourcecode.swift; path = FavoriteViewController.swift; sourceTree = "<group>"; };
		7B2312062B931FD10072AA37 /* FavoritePresenter.swift */ = {isa = PBXFileReference; lastKnownFileType = sourcecode.swift; path = FavoritePresenter.swift; sourceTree = "<group>"; };
		7B2312082B9321680072AA37 /* FavoriteCoordinator.swift */ = {isa = PBXFileReference; lastKnownFileType = sourcecode.swift; path = FavoriteCoordinator.swift; sourceTree = "<group>"; };
		7B42E4A82B8DD7180095C019 /* Recipes.app */ = {isa = PBXFileReference; explicitFileType = wrapper.application; includeInIndex = 0; path = Recipes.app; sourceTree = BUILT_PRODUCTS_DIR; };
		7B42E4AB2B8DD7180095C019 /* AppDelegate.swift */ = {isa = PBXFileReference; lastKnownFileType = sourcecode.swift; path = AppDelegate.swift; sourceTree = "<group>"; };
		7B42E4AD2B8DD7180095C019 /* SceneDelegate.swift */ = {isa = PBXFileReference; lastKnownFileType = sourcecode.swift; path = SceneDelegate.swift; sourceTree = "<group>"; };
		7B42E4B22B8DD7180095C019 /* Base */ = {isa = PBXFileReference; lastKnownFileType = file.storyboard; name = Base; path = Base.lproj/Main.storyboard; sourceTree = "<group>"; };
		7B42E4B42B8DD7190095C019 /* Assets.xcassets */ = {isa = PBXFileReference; lastKnownFileType = folder.assetcatalog; path = Assets.xcassets; sourceTree = "<group>"; };
		7B42E4B72B8DD7190095C019 /* Base */ = {isa = PBXFileReference; lastKnownFileType = file.storyboard; name = Base; path = Base.lproj/LaunchScreen.storyboard; sourceTree = "<group>"; };
		7B42E4B92B8DD7190095C019 /* Info.plist */ = {isa = PBXFileReference; lastKnownFileType = text.plist.xml; path = Info.plist; sourceTree = "<group>"; };
		7B42E4C12B8DF55C0095C019 /* MainTabBarViewController.swift */ = {isa = PBXFileReference; lastKnownFileType = sourcecode.swift; path = MainTabBarViewController.swift; sourceTree = "<group>"; };
		7B42E4C32B8DF56E0095C019 /* ProfileViewController.swift */ = {isa = PBXFileReference; lastKnownFileType = sourcecode.swift; path = ProfileViewController.swift; sourceTree = "<group>"; };
		7B42E4C52B8DF6000095C019 /* ProfilePresenter.swift */ = {isa = PBXFileReference; lastKnownFileType = sourcecode.swift; path = ProfilePresenter.swift; sourceTree = "<group>"; };
		7B42E4C82B8DF6210095C019 /* InfoBenefit.swift */ = {isa = PBXFileReference; lastKnownFileType = sourcecode.swift; path = InfoBenefit.swift; sourceTree = "<group>"; };
		7B42E4CB2B8E04D60095C019 /* BaseCoordinator.swift */ = {isa = PBXFileReference; lastKnownFileType = sourcecode.swift; path = BaseCoordinator.swift; sourceTree = "<group>"; };
		7B42E4CD2B8E06D10095C019 /* AppCoordinator.swift */ = {isa = PBXFileReference; lastKnownFileType = sourcecode.swift; path = AppCoordinator.swift; sourceTree = "<group>"; };
		7B42E4CF2B8E09AE0095C019 /* AuthCoordinator.swift */ = {isa = PBXFileReference; lastKnownFileType = sourcecode.swift; path = AuthCoordinator.swift; sourceTree = "<group>"; };
		7B42E4D12B8E09C10095C019 /* ProfileCoordinator.swift */ = {isa = PBXFileReference; lastKnownFileType = sourcecode.swift; path = ProfileCoordinator.swift; sourceTree = "<group>"; };
		7B42E4D42B8E0AF60095C019 /* AuthViewController.swift */ = {isa = PBXFileReference; lastKnownFileType = sourcecode.swift; path = AuthViewController.swift; sourceTree = "<group>"; };
		7B42E4D62B8E0B060095C019 /* AuthPresenter.swift */ = {isa = PBXFileReference; lastKnownFileType = sourcecode.swift; path = AuthPresenter.swift; sourceTree = "<group>"; };
		7B42E4D82B8E0D530095C019 /* Auth.swift */ = {isa = PBXFileReference; lastKnownFileType = sourcecode.swift; path = Auth.swift; sourceTree = "<group>"; };
		7B42E4DC2B8E4CF70095C019 /* PersonalInfoCell.swift */ = {isa = PBXFileReference; lastKnownFileType = sourcecode.swift; path = PersonalInfoCell.swift; sourceTree = "<group>"; };
		7B42E4DE2B8E4D620095C019 /* BenefitsInfoCell.swift */ = {isa = PBXFileReference; lastKnownFileType = sourcecode.swift; path = BenefitsInfoCell.swift; sourceTree = "<group>"; };
		7B42E4E12B8E4EAD0095C019 /* InfoPersonal.swift */ = {isa = PBXFileReference; lastKnownFileType = sourcecode.swift; path = InfoPersonal.swift; sourceTree = "<group>"; };
		7B42E4E62B8E94C90095C019 /* TermsUseViewController.swift */ = {isa = PBXFileReference; lastKnownFileType = sourcecode.swift; path = TermsUseViewController.swift; sourceTree = "<group>"; };
		7B42E4E82B8EA1530095C019 /* Localizable.strings */ = {isa = PBXFileReference; lastKnownFileType = text.plist.strings; path = Localizable.strings; sourceTree = "<group>"; };
		7B42E4EA2B8F366F0095C019 /* BonusesViewController.swift */ = {isa = PBXFileReference; lastKnownFileType = sourcecode.swift; path = BonusesViewController.swift; sourceTree = "<group>"; };
		7B8129162B91821F00B6459D /* DetailPresenter.swift */ = {isa = PBXFileReference; lastKnownFileType = sourcecode.swift; path = DetailPresenter.swift; sourceTree = "<group>"; };
		7B8129182B91823F00B6459D /* Dish.swift */ = {isa = PBXFileReference; lastKnownFileType = sourcecode.swift; path = Dish.swift; sourceTree = "<group>"; };
		7B81291F2B918B8400B6459D /* DetailsPictures.xcassets */ = {isa = PBXFileReference; lastKnownFileType = folder.assetcatalog; path = DetailsPictures.xcassets; sourceTree = "<group>"; };
		7B8129232B919CB600B6459D /* HeaderCell.swift */ = {isa = PBXFileReference; lastKnownFileType = sourcecode.swift; path = HeaderCell.swift; sourceTree = "<group>"; };
		7B97112C2B986720003A0D4E /* UIColor+Extension.swift */ = {isa = PBXFileReference; lastKnownFileType = sourcecode.swift; path = "UIColor+Extension.swift"; sourceTree = "<group>"; };
		7B97112E2B98672C003A0D4E /* UIFont+Extension.swift */ = {isa = PBXFileReference; lastKnownFileType = sourcecode.swift; path = "UIFont+Extension.swift"; sourceTree = "<group>"; };
		7B97113D2B9AF5A0003A0D4E /* AnalyticsLogger.swift */ = {isa = PBXFileReference; lastKnownFileType = sourcecode.swift; path = AnalyticsLogger.swift; sourceTree = "<group>"; };
		7B9711422BA1A6C3003A0D4E /* DishDTO.swift */ = {isa = PBXFileReference; lastKnownFileType = sourcecode.swift; path = DishDTO.swift; sourceTree = "<group>"; };
		7B9711452BA2E85E003A0D4E /* RequestBuilder.swift */ = {isa = PBXFileReference; lastKnownFileType = sourcecode.swift; path = RequestBuilder.swift; sourceTree = "<group>"; };
		7B9711472BA2F130003A0D4E /* NetworkService.swift */ = {isa = PBXFileReference; lastKnownFileType = sourcecode.swift; path = NetworkService.swift; sourceTree = "<group>"; };
		7B9711492BA2F67D003A0D4E /* TotalDTO.swift */ = {isa = PBXFileReference; lastKnownFileType = sourcecode.swift; path = TotalDTO.swift; sourceTree = "<group>"; };
		7B97114B2BA2F771003A0D4E /* RecipeDTO.swift */ = {isa = PBXFileReference; lastKnownFileType = sourcecode.swift; path = RecipeDTO.swift; sourceTree = "<group>"; };
		7B97114D2BA2F7D9003A0D4E /* HitDTO.swift */ = {isa = PBXFileReference; lastKnownFileType = sourcecode.swift; path = HitDTO.swift; sourceTree = "<group>"; };
		7B97114F2BA2F99E003A0D4E /* DetailDish.swift */ = {isa = PBXFileReference; lastKnownFileType = sourcecode.swift; path = DetailDish.swift; sourceTree = "<group>"; };
		7B97115D2BA43F45003A0D4E /* NoDataViewController.swift */ = {isa = PBXFileReference; lastKnownFileType = sourcecode.swift; path = NoDataViewController.swift; sourceTree = "<group>"; };
		7BA050872B94830900150148 /* FavoriteTableViewCell.swift */ = {isa = PBXFileReference; lastKnownFileType = sourcecode.swift; path = FavoriteTableViewCell.swift; sourceTree = "<group>"; };
		7BA0508B2B949B6E00150148 /* NothingYetView.swift */ = {isa = PBXFileReference; lastKnownFileType = sourcecode.swift; path = NothingYetView.swift; sourceTree = "<group>"; };
/* End PBXFileReference section */

/* Begin PBXFrameworksBuildPhase section */
		7B42E4A52B8DD7180095C019 /* Frameworks */ = {
			isa = PBXFrameworksBuildPhase;
			buildActionMask = 2147483647;
			files = (
			);
			runOnlyForDeploymentPostprocessing = 0;
		};
/* End PBXFrameworksBuildPhase section */

/* Begin PBXGroup section */
		445B93312B97A8530040B25E /* Terms */ = {
			isa = PBXGroup;
			children = (
				445B93342B97A8E10040B25E /* TermsViewController.swift */,
			);
			path = Terms;
			sourceTree = "<group>";
		};
		447F573C2BA21F65009A3694 /* NetworkService */ = {
			isa = PBXGroup;
			children = (
				447F573D2BA21F83009A3694 /* RecipeDTO.swift */,
				447F573F2BA21F8E009A3694 /* HitDTO.swift */,
				447F57412BA21F9E009A3694 /* ResponseDTO.swift */,
				447F57432BA21FAF009A3694 /* Recipe.swift */,
				447F57452BA21FBD009A3694 /* NetworkService.swift */,
				447F57472BA21FCA009A3694 /* RequestBuilder.swift */,
			);
			path = NetworkService;
			sourceTree = "<group>";
		};
		44B8E2302B9595880067B02B /* Detail */ = {
			isa = PBXGroup;
			children = (
				7B9711442BA2E844003A0D4E /* NetworkService */,
				44B8E2372B9595CC0067B02B /* Cells */,
				44B8E2342B9595C40067B02B /* RecipeDetailPresenter.swift */,
				44B8E2332B9595C30067B02B /* RecipeDetailViewController.swift */,
				44B8E2312B9595B50067B02B /* RecipeDetail.swift */,
				44B8E2422B95965D0067B02B /* DetailPicctures.xcassets */,
				7B97115F2BA43F4B003A0D4E /* ViewControllers */,
			);
			path = Detail;
			sourceTree = "<group>";
		};
		44B8E2372B9595CC0067B02B /* Cells */ = {
			isa = PBXGroup;
			children = (
				44B8E2392B9595D70067B02B /* DescriptionViewCell.swift */,
				44B8E23A2B9595D70067B02B /* KBJUViewCell.swift */,
				44B8E2382B9595D60067B02B /* PictureViewCell.swift */,
			);
			path = Cells;
			sourceTree = "<group>";
		};
		44E37C982B8FB8380047F3A5 /* Recipes */ = {
			isa = PBXGroup;
			children = (
				447F573C2BA21F65009A3694 /* NetworkService */,
				44E37CA52B90461C0047F3A5 /* Cells */,
				44E37C992B8FB8610047F3A5 /* RecipesViewController.swift */,
				44E37C9B2B8FB87C0047F3A5 /* RecipesPresenter.swift */,
				44E37C9D2B8FB88E0047F3A5 /* Recipes.swift */,
				44E37CA32B9043740047F3A5 /* RecipesPictures.xcassets */,
			);
			path = Recipes;
			sourceTree = "<group>";
		};
		44E37CA52B90461C0047F3A5 /* Cells */ = {
			isa = PBXGroup;
			children = (
				44E37CA62B9047170047F3A5 /* RecipesCollectionViewCell.swift */,
			);
			path = Cells;
			sourceTree = "<group>";
		};
		7B2311FF2B92F32E0072AA37 /* FavoriteModule */ = {
			isa = PBXGroup;
			children = (
				7BA0508A2B949AE800150148 /* View */,
				7BA050892B94830D00150148 /* Cells */,
				7B2312002B92F3AB0072AA37 /* Favorite.swift */,
				7B2312022B92F5FF0072AA37 /* FavoriteViewController.swift */,
				7B2312062B931FD10072AA37 /* FavoritePresenter.swift */,
			);
			path = FavoriteModule;
			sourceTree = "<group>";
		};
		7B42E49F2B8DD7180095C019 = {
			isa = PBXGroup;
			children = (
				7B97113D2B9AF5A0003A0D4E /* AnalyticsLogger.swift */,
				7B42E4E82B8EA1530095C019 /* Localizable.strings */,
				7B42E4AA2B8DD7180095C019 /* Recipes */,
				7B42E4A92B8DD7180095C019 /* Products */,
			);
			sourceTree = "<group>";
		};
		7B42E4A92B8DD7180095C019 /* Products */ = {
			isa = PBXGroup;
			children = (
				7B42E4A82B8DD7180095C019 /* Recipes.app */,
			);
			name = Products;
			sourceTree = "<group>";
		};
		7B42E4AA2B8DD7180095C019 /* Recipes */ = {
			isa = PBXGroup;
			children = (
				7B97112B2B98670D003A0D4E /* Extension */,
				445B93312B97A8530040B25E /* Terms */,
				7B2311FF2B92F32E0072AA37 /* FavoriteModule */,
				44B8E2302B9595880067B02B /* Detail */,
				7B8129132B9181C400B6459D /* CategoryModule */,
				44E37C982B8FB8380047F3A5 /* Recipes */,
				7B42E4D32B8E0ADB0095C019 /* AuthProfile */,
				7B42E4CA2B8E04B70095C019 /* Coordinators */,
				7B42E4C72B8DF6050095C019 /* ProfileModule */,
				7B42E4AB2B8DD7180095C019 /* AppDelegate.swift */,
				7B42E4AD2B8DD7180095C019 /* SceneDelegate.swift */,
				7B42E4B12B8DD7180095C019 /* Main.storyboard */,
				7B42E4B42B8DD7190095C019 /* Assets.xcassets */,
				7B42E4B62B8DD7190095C019 /* LaunchScreen.storyboard */,
				7B42E4B92B8DD7190095C019 /* Info.plist */,
				7B42E4C12B8DF55C0095C019 /* MainTabBarViewController.swift */,
			);
			path = Recipes;
			sourceTree = "<group>";
		};
		7B42E4C72B8DF6050095C019 /* ProfileModule */ = {
			isa = PBXGroup;
			children = (
				7B42E4E52B8E94B80095C019 /* ViewControllers */,
				7B42E4DA2B8E4C550095C019 /* Cells */,
				7B42E4C52B8DF6000095C019 /* ProfilePresenter.swift */,
				7B42E4C32B8DF56E0095C019 /* ProfileViewController.swift */,
				7B42E4E02B8E4E900095C019 /* ProfileMidel */,
			);
			path = ProfileModule;
			sourceTree = "<group>";
		};
		7B42E4CA2B8E04B70095C019 /* Coordinators */ = {
			isa = PBXGroup;
			children = (
				7B42E4CB2B8E04D60095C019 /* BaseCoordinator.swift */,
				7B42E4CD2B8E06D10095C019 /* AppCoordinator.swift */,
				7B42E4CF2B8E09AE0095C019 /* AuthCoordinator.swift */,
				7B42E4D12B8E09C10095C019 /* ProfileCoordinator.swift */,
				44E37C9F2B8FB94F0047F3A5 /* RecipesCoordinator.swift */,
				7B2312082B9321680072AA37 /* FavoriteCoordinator.swift */,
			);
			path = Coordinators;
			sourceTree = "<group>";
		};
		7B42E4D32B8E0ADB0095C019 /* AuthProfile */ = {
			isa = PBXGroup;
			children = (
				7B42E4D42B8E0AF60095C019 /* AuthViewController.swift */,
				7B42E4D62B8E0B060095C019 /* AuthPresenter.swift */,
				7B42E4D82B8E0D530095C019 /* Auth.swift */,
				446A72F22B9A324B003A93E7 /* AuthCaretaker.swift */,
			);
			path = AuthProfile;
			sourceTree = "<group>";
		};
		7B42E4DA2B8E4C550095C019 /* Cells */ = {
			isa = PBXGroup;
			children = (
				7B42E4DC2B8E4CF70095C019 /* PersonalInfoCell.swift */,
				7B42E4DE2B8E4D620095C019 /* BenefitsInfoCell.swift */,
			);
			path = Cells;
			sourceTree = "<group>";
		};
		7B42E4E02B8E4E900095C019 /* ProfileMidel */ = {
			isa = PBXGroup;
			children = (
				7B42E4C82B8DF6210095C019 /* InfoBenefit.swift */,
				7B42E4E12B8E4EAD0095C019 /* InfoPersonal.swift */,
				448D5FB42B9CB997005785F8 /* InfoPersonalCaretaker.swift */,
			);
			path = ProfileMidel;
			sourceTree = "<group>";
		};
		7B42E4E52B8E94B80095C019 /* ViewControllers */ = {
			isa = PBXGroup;
			children = (
				7B42E4E62B8E94C90095C019 /* TermsUseViewController.swift */,
				7B42E4EA2B8F366F0095C019 /* BonusesViewController.swift */,
			);
			path = ViewControllers;
			sourceTree = "<group>";
		};
		7B8129132B9181C400B6459D /* CategoryModule */ = {
			isa = PBXGroup;
			children = (
				7B81291A2B91825900B6459D /* Cells */,
				7B8129162B91821F00B6459D /* DetailPresenter.swift */,
				44B8E23E2B9596360067B02B /* DetailViewController.swift */,
				7B8129182B91823F00B6459D /* Dish.swift */,
				7B81291F2B918B8400B6459D /* DetailsPictures.xcassets */,
				7B2311FD2B924B510072AA37 /* SortingButton.swift */,
			);
			path = CategoryModule;
			sourceTree = "<group>";
		};
		7B81291A2B91825900B6459D /* Cells */ = {
			isa = PBXGroup;
			children = (
				44B8E2402B9596420067B02B /* DetailTableViewCell.swift */,
				7B8129232B919CB600B6459D /* HeaderCell.swift */,
			);
			path = Cells;
			sourceTree = "<group>";
		};
		7B97112B2B98670D003A0D4E /* Extension */ = {
			isa = PBXGroup;
			children = (
				7B97112C2B986720003A0D4E /* UIColor+Extension.swift */,
				7B97112E2B98672C003A0D4E /* UIFont+Extension.swift */,
			);
			path = Extension;
			sourceTree = "<group>";
		};
		7B9711412BA1A455003A0D4E /* DTO */ = {
			isa = PBXGroup;
			children = (
				7B9711422BA1A6C3003A0D4E /* DishDTO.swift */,
				7B9711492BA2F67D003A0D4E /* TotalDTO.swift */,
				7B97114B2BA2F771003A0D4E /* RecipeDTO.swift */,
				7B97114D2BA2F7D9003A0D4E /* HitDTO.swift */,
			);
			path = DTO;
			sourceTree = "<group>";
		};
		7B9711442BA2E844003A0D4E /* NetworkService */ = {
			isa = PBXGroup;
			children = (
				7B9711412BA1A455003A0D4E /* DTO */,
				7B9711452BA2E85E003A0D4E /* RequestBuilder.swift */,
				7B9711472BA2F130003A0D4E /* NetworkService.swift */,
				7B97114F2BA2F99E003A0D4E /* DetailDish.swift */,
			);
			path = NetworkService;
			sourceTree = "<group>";
		};
		7B97115F2BA43F4B003A0D4E /* ViewControllers */ = {
			isa = PBXGroup;
			children = (
				7B97115D2BA43F45003A0D4E /* NoDataViewController.swift */,
			);
			path = ViewControllers;
			sourceTree = "<group>";
		};
		7BA050892B94830D00150148 /* Cells */ = {
			isa = PBXGroup;
			children = (
				7BA050872B94830900150148 /* FavoriteTableViewCell.swift */,
			);
			path = Cells;
			sourceTree = "<group>";
		};
		7BA0508A2B949AE800150148 /* View */ = {
			isa = PBXGroup;
			children = (
				7BA0508B2B949B6E00150148 /* NothingYetView.swift */,
			);
			path = View;
			sourceTree = "<group>";
		};
/* End PBXGroup section */

/* Begin PBXNativeTarget section */
		7B42E4A72B8DD7180095C019 /* Recipes */ = {
			isa = PBXNativeTarget;
			buildConfigurationList = 7B42E4BC2B8DD7190095C019 /* Build configuration list for PBXNativeTarget "Recipes" */;
			buildPhases = (
				7B42E4C02B8DD9E40095C019 /* Swift Format */,
				7B42E4BF2B8DD9C10095C019 /* Swift Lint */,
				7B42E4A42B8DD7180095C019 /* Sources */,
				7B42E4A52B8DD7180095C019 /* Frameworks */,
				7B42E4A62B8DD7180095C019 /* Resources */,
			);
			buildRules = (
			);
			dependencies = (
			);
			name = Recipes;
			productName = Recipes;
			productReference = 7B42E4A82B8DD7180095C019 /* Recipes.app */;
			productType = "com.apple.product-type.application";
		};
/* End PBXNativeTarget section */

/* Begin PBXProject section */
		7B42E4A02B8DD7180095C019 /* Project object */ = {
			isa = PBXProject;
			attributes = {
				BuildIndependentTargetsInParallel = 1;
				LastSwiftUpdateCheck = 1520;
				LastUpgradeCheck = 1520;
				TargetAttributes = {
					7B42E4A72B8DD7180095C019 = {
						CreatedOnToolsVersion = 15.2;
					};
				};
			};
			buildConfigurationList = 7B42E4A32B8DD7180095C019 /* Build configuration list for PBXProject "Recipes" */;
			compatibilityVersion = "Xcode 14.0";
			developmentRegion = en;
			hasScannedForEncodings = 0;
			knownRegions = (
				en,
				Base,
			);
			mainGroup = 7B42E49F2B8DD7180095C019;
			productRefGroup = 7B42E4A92B8DD7180095C019 /* Products */;
			projectDirPath = "";
			projectRoot = "";
			targets = (
				7B42E4A72B8DD7180095C019 /* Recipes */,
			);
		};
/* End PBXProject section */

/* Begin PBXResourcesBuildPhase section */
		7B42E4A62B8DD7180095C019 /* Resources */ = {
			isa = PBXResourcesBuildPhase;
			buildActionMask = 2147483647;
			files = (
				44E37CA42B9043740047F3A5 /* RecipesPictures.xcassets in Resources */,
				7B42E4B82B8DD7190095C019 /* LaunchScreen.storyboard in Resources */,
				7B42E4E92B8EA1530095C019 /* Localizable.strings in Resources */,
				7B42E4B52B8DD7190095C019 /* Assets.xcassets in Resources */,
				44B8E2432B95965D0067B02B /* DetailPicctures.xcassets in Resources */,
				7B42E4B32B8DD7180095C019 /* Main.storyboard in Resources */,
				7B8129202B918B8400B6459D /* DetailsPictures.xcassets in Resources */,
			);
			runOnlyForDeploymentPostprocessing = 0;
		};
/* End PBXResourcesBuildPhase section */

/* Begin PBXShellScriptBuildPhase section */
		7B42E4BF2B8DD9C10095C019 /* Swift Lint */ = {
			isa = PBXShellScriptBuildPhase;
			alwaysOutOfDate = 1;
			buildActionMask = 2147483647;
			files = (
			);
			inputFileListPaths = (
			);
			inputPaths = (
			);
			name = "Swift Lint";
			outputFileListPaths = (
			);
			outputPaths = (
			);
			runOnlyForDeploymentPostprocessing = 0;
			shellPath = /bin/sh;
			shellScript = "if [[ \"$(uname -m)\" == arm64 ]]; then\n    export PATH=\"/opt/homebrew/bin:$PATH\"\nfi\n\nif which swiftlint > /dev/null; then\n  swiftlint\nelse\n  echo \"warning: SwiftLint not installed, download from https://github.com/realm/SwiftLint\"\nfi\n\n";
			showEnvVarsInLog = 0;
		};
		7B42E4C02B8DD9E40095C019 /* Swift Format */ = {
			isa = PBXShellScriptBuildPhase;
			alwaysOutOfDate = 1;
			buildActionMask = 2147483647;
			files = (
			);
			inputFileListPaths = (
			);
			inputPaths = (
			);
			name = "Swift Format";
			outputFileListPaths = (
			);
			outputPaths = (
			);
			runOnlyForDeploymentPostprocessing = 0;
			shellPath = /bin/sh;
			shellScript = "if [[ \"$(uname -m)\" == arm64 ]]; then\n    export PATH=\"/opt/homebrew/bin:$PATH\"\nfi\n\nif which swiftformat > /dev/null; then\n  swiftformat .\nelse\n  echo \"warning: SwiftFormat not installed, download from https://github.com/nicklockwood/SwiftFormat\"\nfi\n\n";
			showEnvVarsInLog = 0;
		};
/* End PBXShellScriptBuildPhase section */

/* Begin PBXSourcesBuildPhase section */
		7B42E4A42B8DD7180095C019 /* Sources */ = {
			isa = PBXSourcesBuildPhase;
			buildActionMask = 2147483647;
			files = (
				7B42E4D52B8E0AF60095C019 /* AuthViewController.swift in Sources */,
				7B42E4C22B8DF55C0095C019 /* MainTabBarViewController.swift in Sources */,
				447F57482BA21FCA009A3694 /* RequestBuilder.swift in Sources */,
				44E37CA02B8FB94F0047F3A5 /* RecipesCoordinator.swift in Sources */,
				7B42E4EB2B8F366F0095C019 /* BonusesViewController.swift in Sources */,
				7B42E4E72B8E94C90095C019 /* TermsUseViewController.swift in Sources */,
				7B42E4AC2B8DD7180095C019 /* AppDelegate.swift in Sources */,
				7B97114E2BA2F7D9003A0D4E /* HitDTO.swift in Sources */,
				44E37CA72B9047170047F3A5 /* RecipesCollectionViewCell.swift in Sources */,
				7B42E4D92B8E0D530095C019 /* Auth.swift in Sources */,
				7B97113E2B9AF5A0003A0D4E /* AnalyticsLogger.swift in Sources */,
				447F573E2BA21F83009A3694 /* RecipeDTO.swift in Sources */,
				7B8129192B91823F00B6459D /* Dish.swift in Sources */,
				7B97114A2BA2F67D003A0D4E /* TotalDTO.swift in Sources */,
				7B2312072B931FD10072AA37 /* FavoritePresenter.swift in Sources */,
				7B97112F2B98672C003A0D4E /* UIFont+Extension.swift in Sources */,
				7B9711502BA2F99E003A0D4E /* DetailDish.swift in Sources */,
				7B8129172B91821F00B6459D /* DetailPresenter.swift in Sources */,
				447F57402BA21F8E009A3694 /* HitDTO.swift in Sources */,
				44B8E23C2B9595D70067B02B /* DescriptionViewCell.swift in Sources */,
				7B9711462BA2E85E003A0D4E /* RequestBuilder.swift in Sources */,
				44E37C9C2B8FB87C0047F3A5 /* RecipesPresenter.swift in Sources */,
				44B8E23B2B9595D70067B02B /* PictureViewCell.swift in Sources */,
				447F57422BA21F9E009A3694 /* ResponseDTO.swift in Sources */,
				7B42E4C42B8DF56E0095C019 /* ProfileViewController.swift in Sources */,
				7B2312092B9321680072AA37 /* FavoriteCoordinator.swift in Sources */,
				7B97112D2B986720003A0D4E /* UIColor+Extension.swift in Sources */,
				44E37C9A2B8FB8610047F3A5 /* RecipesViewController.swift in Sources */,
				7B42E4D72B8E0B060095C019 /* AuthPresenter.swift in Sources */,
				7BA0508C2B949B6E00150148 /* NothingYetView.swift in Sources */,
				7B2312012B92F3AB0072AA37 /* Favorite.swift in Sources */,
				7B97114C2BA2F771003A0D4E /* RecipeDTO.swift in Sources */,
				7B42E4CE2B8E06D10095C019 /* AppCoordinator.swift in Sources */,
				44B8E2352B9595C40067B02B /* RecipeDetailViewController.swift in Sources */,
				7B42E4DD2B8E4CF70095C019 /* PersonalInfoCell.swift in Sources */,
				448D5FB52B9CB997005785F8 /* InfoPersonalCaretaker.swift in Sources */,
				7B42E4C92B8DF6210095C019 /* InfoBenefit.swift in Sources */,
				44B8E23D2B9595D70067B02B /* KBJUViewCell.swift in Sources */,
				7B9711482BA2F130003A0D4E /* NetworkService.swift in Sources */,
				7B2311FE2B924B510072AA37 /* SortingButton.swift in Sources */,
				7BA050882B94830900150148 /* FavoriteTableViewCell.swift in Sources */,
				7B42E4CC2B8E04D60095C019 /* BaseCoordinator.swift in Sources */,
				44B8E2412B9596420067B02B /* DetailTableViewCell.swift in Sources */,
				7B42E4C62B8DF6000095C019 /* ProfilePresenter.swift in Sources */,
				7B97115E2BA43F45003A0D4E /* NoDataViewController.swift in Sources */,
				7B2312032B92F5FF0072AA37 /* FavoriteViewController.swift in Sources */,
				7B9711432BA1A6C3003A0D4E /* DishDTO.swift in Sources */,
				446A72F32B9A324B003A93E7 /* AuthCaretaker.swift in Sources */,
				447F57442BA21FAF009A3694 /* Recipe.swift in Sources */,
				44B8E2322B9595B50067B02B /* RecipeDetail.swift in Sources */,
				7B42E4D02B8E09AE0095C019 /* AuthCoordinator.swift in Sources */,
				44B8E23F2B9596360067B02B /* DetailViewController.swift in Sources */,
				445B93352B97A8E10040B25E /* TermsViewController.swift in Sources */,
				44B8E2362B9595C40067B02B /* RecipeDetailPresenter.swift in Sources */,
				44E37C9E2B8FB88E0047F3A5 /* Recipes.swift in Sources */,
				7B42E4D22B8E09C10095C019 /* ProfileCoordinator.swift in Sources */,
				7B42E4E22B8E4EAD0095C019 /* InfoPersonal.swift in Sources */,
				7B8129242B919CB600B6459D /* HeaderCell.swift in Sources */,
				7B42E4DF2B8E4D620095C019 /* BenefitsInfoCell.swift in Sources */,
				447F57462BA21FBD009A3694 /* NetworkService.swift in Sources */,
				7B42E4AE2B8DD7180095C019 /* SceneDelegate.swift in Sources */,
			);
			runOnlyForDeploymentPostprocessing = 0;
		};
/* End PBXSourcesBuildPhase section */

/* Begin PBXVariantGroup section */
		7B42E4B12B8DD7180095C019 /* Main.storyboard */ = {
			isa = PBXVariantGroup;
			children = (
				7B42E4B22B8DD7180095C019 /* Base */,
			);
			name = Main.storyboard;
			sourceTree = "<group>";
		};
		7B42E4B62B8DD7190095C019 /* LaunchScreen.storyboard */ = {
			isa = PBXVariantGroup;
			children = (
				7B42E4B72B8DD7190095C019 /* Base */,
			);
			name = LaunchScreen.storyboard;
			sourceTree = "<group>";
		};
/* End PBXVariantGroup section */

/* Begin XCBuildConfiguration section */
		7B42E4BA2B8DD7190095C019 /* Debug */ = {
			isa = XCBuildConfiguration;
			buildSettings = {
				ALWAYS_SEARCH_USER_PATHS = NO;
				ASSETCATALOG_COMPILER_GENERATE_SWIFT_ASSET_SYMBOL_EXTENSIONS = YES;
				CLANG_ANALYZER_NONNULL = YES;
				CLANG_ANALYZER_NUMBER_OBJECT_CONVERSION = YES_AGGRESSIVE;
				CLANG_CXX_LANGUAGE_STANDARD = "gnu++20";
				CLANG_ENABLE_MODULES = YES;
				CLANG_ENABLE_OBJC_ARC = YES;
				CLANG_ENABLE_OBJC_WEAK = YES;
				CLANG_WARN_BLOCK_CAPTURE_AUTORELEASING = YES;
				CLANG_WARN_BOOL_CONVERSION = YES;
				CLANG_WARN_COMMA = YES;
				CLANG_WARN_CONSTANT_CONVERSION = YES;
				CLANG_WARN_DEPRECATED_OBJC_IMPLEMENTATIONS = YES;
				CLANG_WARN_DIRECT_OBJC_ISA_USAGE = YES_ERROR;
				CLANG_WARN_DOCUMENTATION_COMMENTS = YES;
				CLANG_WARN_EMPTY_BODY = YES;
				CLANG_WARN_ENUM_CONVERSION = YES;
				CLANG_WARN_INFINITE_RECURSION = YES;
				CLANG_WARN_INT_CONVERSION = YES;
				CLANG_WARN_NON_LITERAL_NULL_CONVERSION = YES;
				CLANG_WARN_OBJC_IMPLICIT_RETAIN_SELF = YES;
				CLANG_WARN_OBJC_LITERAL_CONVERSION = YES;
				CLANG_WARN_OBJC_ROOT_CLASS = YES_ERROR;
				CLANG_WARN_QUOTED_INCLUDE_IN_FRAMEWORK_HEADER = YES;
				CLANG_WARN_RANGE_LOOP_ANALYSIS = YES;
				CLANG_WARN_STRICT_PROTOTYPES = YES;
				CLANG_WARN_SUSPICIOUS_MOVE = YES;
				CLANG_WARN_UNGUARDED_AVAILABILITY = YES_AGGRESSIVE;
				CLANG_WARN_UNREACHABLE_CODE = YES;
				CLANG_WARN__DUPLICATE_METHOD_MATCH = YES;
				COPY_PHASE_STRIP = NO;
				DEBUG_INFORMATION_FORMAT = dwarf;
				ENABLE_STRICT_OBJC_MSGSEND = YES;
				ENABLE_TESTABILITY = YES;
				ENABLE_USER_SCRIPT_SANDBOXING = NO;
				GCC_C_LANGUAGE_STANDARD = gnu17;
				GCC_DYNAMIC_NO_PIC = NO;
				GCC_NO_COMMON_BLOCKS = YES;
				GCC_OPTIMIZATION_LEVEL = 0;
				GCC_PREPROCESSOR_DEFINITIONS = (
					"DEBUG=1",
					"$(inherited)",
				);
				GCC_WARN_64_TO_32_BIT_CONVERSION = YES;
				GCC_WARN_ABOUT_RETURN_TYPE = YES_ERROR;
				GCC_WARN_UNDECLARED_SELECTOR = YES;
				GCC_WARN_UNINITIALIZED_AUTOS = YES_AGGRESSIVE;
				GCC_WARN_UNUSED_FUNCTION = YES;
				GCC_WARN_UNUSED_VARIABLE = YES;
				IPHONEOS_DEPLOYMENT_TARGET = 17.2;
				LOCALIZATION_PREFERS_STRING_CATALOGS = YES;
				MTL_ENABLE_DEBUG_INFO = INCLUDE_SOURCE;
				MTL_FAST_MATH = YES;
				ONLY_ACTIVE_ARCH = YES;
				SDKROOT = iphoneos;
				SWIFT_ACTIVE_COMPILATION_CONDITIONS = "DEBUG $(inherited)";
				SWIFT_OPTIMIZATION_LEVEL = "-Onone";
			};
			name = Debug;
		};
		7B42E4BB2B8DD7190095C019 /* Release */ = {
			isa = XCBuildConfiguration;
			buildSettings = {
				ALWAYS_SEARCH_USER_PATHS = NO;
				ASSETCATALOG_COMPILER_GENERATE_SWIFT_ASSET_SYMBOL_EXTENSIONS = YES;
				CLANG_ANALYZER_NONNULL = YES;
				CLANG_ANALYZER_NUMBER_OBJECT_CONVERSION = YES_AGGRESSIVE;
				CLANG_CXX_LANGUAGE_STANDARD = "gnu++20";
				CLANG_ENABLE_MODULES = YES;
				CLANG_ENABLE_OBJC_ARC = YES;
				CLANG_ENABLE_OBJC_WEAK = YES;
				CLANG_WARN_BLOCK_CAPTURE_AUTORELEASING = YES;
				CLANG_WARN_BOOL_CONVERSION = YES;
				CLANG_WARN_COMMA = YES;
				CLANG_WARN_CONSTANT_CONVERSION = YES;
				CLANG_WARN_DEPRECATED_OBJC_IMPLEMENTATIONS = YES;
				CLANG_WARN_DIRECT_OBJC_ISA_USAGE = YES_ERROR;
				CLANG_WARN_DOCUMENTATION_COMMENTS = YES;
				CLANG_WARN_EMPTY_BODY = YES;
				CLANG_WARN_ENUM_CONVERSION = YES;
				CLANG_WARN_INFINITE_RECURSION = YES;
				CLANG_WARN_INT_CONVERSION = YES;
				CLANG_WARN_NON_LITERAL_NULL_CONVERSION = YES;
				CLANG_WARN_OBJC_IMPLICIT_RETAIN_SELF = YES;
				CLANG_WARN_OBJC_LITERAL_CONVERSION = YES;
				CLANG_WARN_OBJC_ROOT_CLASS = YES_ERROR;
				CLANG_WARN_QUOTED_INCLUDE_IN_FRAMEWORK_HEADER = YES;
				CLANG_WARN_RANGE_LOOP_ANALYSIS = YES;
				CLANG_WARN_STRICT_PROTOTYPES = YES;
				CLANG_WARN_SUSPICIOUS_MOVE = YES;
				CLANG_WARN_UNGUARDED_AVAILABILITY = YES_AGGRESSIVE;
				CLANG_WARN_UNREACHABLE_CODE = YES;
				CLANG_WARN__DUPLICATE_METHOD_MATCH = YES;
				COPY_PHASE_STRIP = NO;
				DEBUG_INFORMATION_FORMAT = "dwarf-with-dsym";
				ENABLE_NS_ASSERTIONS = NO;
				ENABLE_STRICT_OBJC_MSGSEND = YES;
				ENABLE_USER_SCRIPT_SANDBOXING = NO;
				GCC_C_LANGUAGE_STANDARD = gnu17;
				GCC_NO_COMMON_BLOCKS = YES;
				GCC_WARN_64_TO_32_BIT_CONVERSION = YES;
				GCC_WARN_ABOUT_RETURN_TYPE = YES_ERROR;
				GCC_WARN_UNDECLARED_SELECTOR = YES;
				GCC_WARN_UNINITIALIZED_AUTOS = YES_AGGRESSIVE;
				GCC_WARN_UNUSED_FUNCTION = YES;
				GCC_WARN_UNUSED_VARIABLE = YES;
				IPHONEOS_DEPLOYMENT_TARGET = 17.2;
				LOCALIZATION_PREFERS_STRING_CATALOGS = YES;
				MTL_ENABLE_DEBUG_INFO = NO;
				MTL_FAST_MATH = YES;
				SDKROOT = iphoneos;
				SWIFT_COMPILATION_MODE = wholemodule;
				VALIDATE_PRODUCT = YES;
			};
			name = Release;
		};
		7B42E4BD2B8DD7190095C019 /* Debug */ = {
			isa = XCBuildConfiguration;
			buildSettings = {
				ASSETCATALOG_COMPILER_APPICON_NAME = AppIcon;
				ASSETCATALOG_COMPILER_GLOBAL_ACCENT_COLOR_NAME = AccentColor;
				CODE_SIGN_STYLE = Automatic;
				CURRENT_PROJECT_VERSION = 1;
				DEVELOPMENT_TEAM = GAVDTRGBHR;
				GENERATE_INFOPLIST_FILE = YES;
				INFOPLIST_FILE = Recipes/Info.plist;
				INFOPLIST_KEY_UIApplicationSupportsIndirectInputEvents = YES;
				INFOPLIST_KEY_UILaunchStoryboardName = LaunchScreen;
				INFOPLIST_KEY_UIMainStoryboardFile = Main;
				INFOPLIST_KEY_UISupportedInterfaceOrientations_iPad = "UIInterfaceOrientationPortrait UIInterfaceOrientationPortraitUpsideDown UIInterfaceOrientationLandscapeLeft UIInterfaceOrientationLandscapeRight";
				INFOPLIST_KEY_UISupportedInterfaceOrientations_iPhone = "UIInterfaceOrientationPortrait UIInterfaceOrientationLandscapeLeft UIInterfaceOrientationLandscapeRight";
				LD_RUNPATH_SEARCH_PATHS = (
					"$(inherited)",
					"@executable_path/Frameworks",
				);
				MARKETING_VERSION = 1.0;
				PRODUCT_BUNDLE_IDENTIFIER = recip;
				PRODUCT_NAME = "$(TARGET_NAME)";
				SWIFT_EMIT_LOC_STRINGS = YES;
				SWIFT_VERSION = 5.0;
				TARGETED_DEVICE_FAMILY = "1,2";
			};
			name = Debug;
		};
		7B42E4BE2B8DD7190095C019 /* Release */ = {
			isa = XCBuildConfiguration;
			buildSettings = {
				ASSETCATALOG_COMPILER_APPICON_NAME = AppIcon;
				ASSETCATALOG_COMPILER_GLOBAL_ACCENT_COLOR_NAME = AccentColor;
				CODE_SIGN_STYLE = Automatic;
				CURRENT_PROJECT_VERSION = 1;
				DEVELOPMENT_TEAM = GAVDTRGBHR;
				GENERATE_INFOPLIST_FILE = YES;
				INFOPLIST_FILE = Recipes/Info.plist;
				INFOPLIST_KEY_UIApplicationSupportsIndirectInputEvents = YES;
				INFOPLIST_KEY_UILaunchStoryboardName = LaunchScreen;
				INFOPLIST_KEY_UIMainStoryboardFile = Main;
				INFOPLIST_KEY_UISupportedInterfaceOrientations_iPad = "UIInterfaceOrientationPortrait UIInterfaceOrientationPortraitUpsideDown UIInterfaceOrientationLandscapeLeft UIInterfaceOrientationLandscapeRight";
				INFOPLIST_KEY_UISupportedInterfaceOrientations_iPhone = "UIInterfaceOrientationPortrait UIInterfaceOrientationLandscapeLeft UIInterfaceOrientationLandscapeRight";
				LD_RUNPATH_SEARCH_PATHS = (
					"$(inherited)",
					"@executable_path/Frameworks",
				);
				MARKETING_VERSION = 1.0;
				PRODUCT_BUNDLE_IDENTIFIER = recip;
				PRODUCT_NAME = "$(TARGET_NAME)";
				SWIFT_EMIT_LOC_STRINGS = YES;
				SWIFT_VERSION = 5.0;
				TARGETED_DEVICE_FAMILY = "1,2";
			};
			name = Release;
		};
/* End XCBuildConfiguration section */

/* Begin XCConfigurationList section */
		7B42E4A32B8DD7180095C019 /* Build configuration list for PBXProject "Recipes" */ = {
			isa = XCConfigurationList;
			buildConfigurations = (
				7B42E4BA2B8DD7190095C019 /* Debug */,
				7B42E4BB2B8DD7190095C019 /* Release */,
			);
			defaultConfigurationIsVisible = 0;
			defaultConfigurationName = Release;
		};
		7B42E4BC2B8DD7190095C019 /* Build configuration list for PBXNativeTarget "Recipes" */ = {
			isa = XCConfigurationList;
			buildConfigurations = (
				7B42E4BD2B8DD7190095C019 /* Debug */,
				7B42E4BE2B8DD7190095C019 /* Release */,
			);
			defaultConfigurationIsVisible = 0;
			defaultConfigurationName = Release;
		};
/* End XCConfigurationList section */
	};
	rootObject = 7B42E4A02B8DD7180095C019 /* Project object */;
}
